github.com/coder/websocket v1.8.15 h1:6B2JPeOGlpff2Uz6vOEH1Vzpi0iUz20A+lPVhPHtNUA=
github.com/coder/websocket v1.8.15/go.mod h1:NX3SzP+inril6yawo5CQXx8+fk145lPDC6pumgx0mVg=
github.com/ironpark/acp-go v0.0.0-20260928055350-4a565bbdc0b7 h1:9QnLOmV0NhHoYqNsgdz6kM9WBaPotZ7LYPfhzjFLfA4=
github.com/ironpark/acp-go v0.0.0-20260928055350-4a565bbdc0b7/go.mod h1:2dZrZ7GT5wXb4Hd9S1qiscj5xU1VmxJAr+Y3IMQHcpE=
